<Solution>
  <Project Path="TryalTestForMargasoft/TryalTestForMargasoft.csproj" />
  <Project Path="TryalTestForMargasoftApi/TryalTestForMargasoftApi.csproj" />
  <Project Path="TryalTestForMargasoftBusinessLogic/TryalTestForMargasoftBusinessLogic.csproj" Id="65aacc1c-26ae-4d50-8a96-72ba25adca95" />
  <Project Path="TryalTestForMargasoftInfrastrcture/TryalTestForMargasoftInfrastrcture.csproj" Id="5399803f-c4c8-4043-9735-ea9fb6de158c" />
  <Project Path="TryalTestForMargasoftShared/TryalTestForMargasoftShared.csproj" Id="edbf7e9e-f51b-45a2-aef8-3f9a9b6ba169" />
  <Project Path="TryalTestForMargsoftCore/TryalTestForMargsoftCore.csproj" Id="7b413449-ae30-4e48-a558-99dd03c1db71" />
</Solution>
